{
  "version": 1,
  "dependencies": {
    "net10.0-windows7.0": {
      "CommunityToolkit.Mvvm": {
        "type": "Direct",
        "requested": "[8.4.2, )",
        "resolved": "8.4.2",
        "contentHash": "WadCzGEc2U+3e20avRLng4qNtt4zoOGWrdUISqJWrHe3/FSnrYjuM5Sb4yQb09LhkBXrrI4Zt3dLKgRMbItsrg=="
      },
      "Microsoft.NET.ILLink.Tasks": {
        "type": "Direct",
        "requested": "[10.0.12, )",
        "resolved": "10.0.12",
        "contentHash": "xi+BDjFpW+Sb+MHFHaH6Y/gV9I8BluFwRXc1QyCdoZbIK26eNiBeFuMTe/FMwc33G1wdHCyDg7CVTmb8OdQrMQ=="
      },
      "WPF-UI": {
        "type": "Direct",
        "requested": "[4.3.0, )",
        "resolved": "4.3.0",
        "contentHash": "SIHhc8lIrhEQ/1cLFZN6Dtf8cqsLm4myBULj9obnacd9TyDs2vizhKYzRzTlcPEcnzb3L4EstvPN3M6kcXbJCA==",
        "dependencies": {
          "WPF-UI.Abstractions": "4.3.0"
        }
      },
      "Velopack": {
        "type": "Transitive",
        "resolved": "1.2.158",
        "contentHash": "wQN38beVrAf0WzFMnZtl7UmwxqwaJ7xVYypqITdOI4YUTYch2UvE+xAjg9msfaitVDtgfWeIcGsjRNQ65C03ZQ=="
      },
      "WPF-UI.Abstractions": {
        "type": "Transitive",
        "resolved": "4.3.0",
        "contentHash": "7Kj9DmCCo4SOCd1jAiw4+EcMFP2nR8rLLvitAYzVtzbWToTsodkbie24+8x9C4LDLxkopWEUGX62szqqNy7oeg=="
      },
      "rcm.contracts": {
        "type": "Project"
      },
      "rcm.updates": {
        "type": "Project",
        "dependencies": {
          "Velopack": "[1.2.158, )"
        }
      }
    },
    "net10.0-windows7.0/win-x64": {}
  }
}